
Microsoft Visual Studio Solution File, Format Version 12.00
# Visual Studio 2013
VisualStudioVersion = 12.0.30723.0
MinimumVisualStudioVersion = 10.0.40219.1
Project("{9092AA53-FB77-4645-B42D-1CCCA6BD08BD}") = "rennet", "rennet.njsproj", "{DA8AE268-F9BE-4CF1-97F0-425547866E53}"
EndProject
Global
	GlobalSection(SolutionConfigurationPlatforms) = preSolution
		Debug|Any CPU = Debug|Any CPU
		Release|Any CPU = Release|Any CPU
	EndGlobalSection
	GlobalSection(ProjectConfigurationPlatforms) = postSolution
		{DA8AE268-F9BE-4CF1-97F0-425547866E53}.Debug|Any CPU.ActiveCfg = Debug|Any CPU
		{DA8AE268-F9BE-4CF1-97F0-425547866E53}.Debug|Any CPU.Build.0 = Debug|Any CPU
		{DA8AE268-F9BE-4CF1-97F0-425547866E53}.Release|Any CPU.ActiveCfg = Release|Any CPU
		{DA8AE268-F9BE-4CF1-97F0-425547866E53}.Release|Any CPU.Build.0 = Release|Any CPU
	EndGlobalSection
	GlobalSection(SolutionProperties) = preSolution
		HideSolutionNode = FALSE
	EndGlobalSection
EndGlobal
